
Microsoft Visual Studio Solution File, Format Version 12.00
# Visual Studio Version 17
VisualStudioVersion = 17.0.32014.148
MinimumVisualStudioVersion = 10.0.40219.1
Project("{FAE04EC0-301F-11D3-BF4B-00C04F79EFBC}") = "AutoMapper11POC", "src\AutoMapper11POC\AutoMapper11POC.csproj", "{4CBB8753-6347-4E80-9BB5-58BF22455244}"
EndProject
Project("{2150E333-8FDC-42A3-9474-1A3956D46DE8}") = "SolutionItems", "SolutionItems", "{3660FA73-4642-42C6-89A5-B38BDAF73094}"
	ProjectSection(SolutionItems) = preProject
		global.json = global.json
	EndProjectSection
EndProject
Global
	GlobalSection(SolutionConfigurationPlatforms) = preSolution
		Debug|Any CPU = Debug|Any CPU
		Release|Any CPU = Release|Any CPU
	EndGlobalSection
	GlobalSection(ProjectConfigurationPlatforms) = postSolution
		{4CBB8753-6347-4E80-9BB5-58BF22455244}.Debug|Any CPU.ActiveCfg = Debug|Any CPU
		{4CBB8753-6347-4E80-9BB5-58BF22455244}.Debug|Any CPU.Build.0 = Debug|Any CPU
		{4CBB8753-6347-4E80-9BB5-58BF22455244}.Release|Any CPU.ActiveCfg = Release|Any CPU
		{4CBB8753-6347-4E80-9BB5-58BF22455244}.Release|Any CPU.Build.0 = Release|Any CPU
	EndGlobalSection
	GlobalSection(SolutionProperties) = preSolution
		HideSolutionNode = FALSE
	EndGlobalSection
	GlobalSection(ExtensibilityGlobals) = postSolution
		SolutionGuid = {641BAF47-19DF-46E3-A128-CE4E7BCFC603}
	EndGlobalSection
EndGlobal
